
Microsoft Visual Studio Solution File, Format Version 12.00
# Visual Studio 14
VisualStudioVersion = 14.0.25420.1
MinimumVisualStudioVersion = 10.0.40219.1
Project("{FAE04EC0-301F-11D3-BF4B-00C04F79EFBC}") = "Ex_1", "Ex_1\Ex_1.csproj", "{D034D39A-6013-4A2D-AD3B-F36F76311BE6}"
EndProject
Project("{FAE04EC0-301F-11D3-BF4B-00C04F79EFBC}") = "ClassLibrary", "ClassLibrary\ClassLibrary.csproj", "{76E23813-43A0-4247-8408-536E2ADCAFF3}"
EndProject
Project("{FAE04EC0-301F-11D3-BF4B-00C04F79EFBC}") = "Ex_2", "Ex_2\Ex_2.csproj", "{FC45D6B0-A5EB-417D-B987-9B1AF0661B39}"
EndProject
Global
	GlobalSection(SolutionConfigurationPlatforms) = preSolution
		Debug|Any CPU = Debug|Any CPU
		Release|Any CPU = Release|Any CPU
	EndGlobalSection
	GlobalSection(ProjectConfigurationPlatforms) = postSolution
		{D034D39A-6013-4A2D-AD3B-F36F76311BE6}.Debug|Any CPU.ActiveCfg = Debug|Any CPU
		{D034D39A-6013-4A2D-AD3B-F36F76311BE6}.Debug|Any CPU.Build.0 = Debug|Any CPU
		{D034D39A-6013-4A2D-AD3B-F36F76311BE6}.Release|Any CPU.ActiveCfg = Release|Any CPU
		{D034D39A-6013-4A2D-AD3B-F36F76311BE6}.Release|Any CPU.Build.0 = Release|Any CPU
		{76E23813-43A0-4247-8408-536E2ADCAFF3}.Debug|Any CPU.ActiveCfg = Debug|Any CPU
		{76E23813-43A0-4247-8408-536E2ADCAFF3}.Debug|Any CPU.Build.0 = Debug|Any CPU
		{76E23813-43A0-4247-8408-536E2ADCAFF3}.Release|Any CPU.ActiveCfg = Release|Any CPU
		{76E23813-43A0-4247-8408-536E2ADCAFF3}.Release|Any CPU.Build.0 = Release|Any CPU
		{FC45D6B0-A5EB-417D-B987-9B1AF0661B39}.Debug|Any CPU.ActiveCfg = Debug|Any CPU
		{FC45D6B0-A5EB-417D-B987-9B1AF0661B39}.Debug|Any CPU.Build.0 = Debug|Any CPU
		{FC45D6B0-A5EB-417D-B987-9B1AF0661B39}.Release|Any CPU.ActiveCfg = Release|Any CPU
		{FC45D6B0-A5EB-417D-B987-9B1AF0661B39}.Release|Any CPU.Build.0 = Release|Any CPU
	EndGlobalSection
	GlobalSection(SolutionProperties) = preSolution
		HideSolutionNode = FALSE
	EndGlobalSection
EndGlobal
